
Microsoft Visual Studio Solution File, Format Version 12.00
# Visual Studio Version 17
VisualStudioVersion = 17.9.34607.119
MinimumVisualStudioVersion = 10.0.40219.1
Project("{FAE04EC0-301F-11D3-BF4B-00C04F79EFBC}") = "Domin", "Domin\Domin.csproj", "{E12235C1-DC61-4CED-8C10-56CBF37E0432}"
EndProject
Project("{FAE04EC0-301F-11D3-BF4B-00C04F79EFBC}") = "Infrastructure", "Infrastructure\Infrastructure.csproj", "{C427F69E-F042-490B-A435-1F2985CA9022}"
EndProject
Project("{FAE04EC0-301F-11D3-BF4B-00C04F79EFBC}") = "Web", "Web\Web.csproj", "{38189EA3-8BFB-4EE9-984E-2144D28E689E}"
EndProject
Global
	GlobalSection(SolutionConfigurationPlatforms) = preSolution
		Debug|Any CPU = Debug|Any CPU
		Release|Any CPU = Release|Any CPU
	EndGlobalSection
	GlobalSection(ProjectConfigurationPlatforms) = postSolution
		{E12235C1-DC61-4CED-8C10-56CBF37E0432}.Debug|Any CPU.ActiveCfg = Debug|Any CPU
		{E12235C1-DC61-4CED-8C10-56CBF37E0432}.Debug|Any CPU.Build.0 = Debug|Any CPU
		{E12235C1-DC61-4CED-8C10-56CBF37E0432}.Release|Any CPU.ActiveCfg = Release|Any CPU
		{E12235C1-DC61-4CED-8C10-56CBF37E0432}.Release|Any CPU.Build.0 = Release|Any CPU
		{C427F69E-F042-490B-A435-1F2985CA9022}.Debug|Any CPU.ActiveCfg = Debug|Any CPU
		{C427F69E-F042-490B-A435-1F2985CA9022}.Debug|Any CPU.Build.0 = Debug|Any CPU
		{C427F69E-F042-490B-A435-1F2985CA9022}.Release|Any CPU.ActiveCfg = Release|Any CPU
		{C427F69E-F042-490B-A435-1F2985CA9022}.Release|Any CPU.Build.0 = Release|Any CPU
		{38189EA3-8BFB-4EE9-984E-2144D28E689E}.Debug|Any CPU.ActiveCfg = Debug|Any CPU
		{38189EA3-8BFB-4EE9-984E-2144D28E689E}.Debug|Any CPU.Build.0 = Debug|Any CPU
		{38189EA3-8BFB-4EE9-984E-2144D28E689E}.Release|Any CPU.ActiveCfg = Release|Any CPU
		{38189EA3-8BFB-4EE9-984E-2144D28E689E}.Release|Any CPU.Build.0 = Release|Any CPU
	EndGlobalSection
	GlobalSection(SolutionProperties) = preSolution
		HideSolutionNode = FALSE
	EndGlobalSection
	GlobalSection(ExtensibilityGlobals) = postSolution
		SolutionGuid = {24E88785-FD38-4023-82D1-C6DCAC735425}
	EndGlobalSection
EndGlobal
